
Microsoft Visual Studio Solution File, Format Version 12.00
# Visual Studio 15
VisualStudioVersion = 15.0.28307.539
MinimumVisualStudioVersion = 10.0.40219.1
Project("{9A19103F-16F7-4668-BE54-9A1E7A4F7556}") = "Thermometer", "Thermometer\Thermometer.csproj", "{93861B57-0093-4DDD-8841-2EC577A95D86}"
EndProject
Project("{9A19103F-16F7-4668-BE54-9A1E7A4F7556}") = "Configuration", "Configuration\Configuration.csproj", "{83A419E2-C44E-4CD6-9E92-034C5F90A70F}"
EndProject
Project("{9A19103F-16F7-4668-BE54-9A1E7A4F7556}") = "LightSensor", "LightSensor\LightSensor.csproj", "{D19ABEE2-CA21-4797-BA08-104032F4CE7B}"
EndProject
Project("{9A19103F-16F7-4668-BE54-9A1E7A4F7556}") = "SmartDisplay", "SmartDisplay\SmartDisplay.csproj", "{69C96589-31F3-4A6A-95B8-6A26C0E6CB8F}"
EndProject
Project("{9A19103F-16F7-4668-BE54-9A1E7A4F7556}") = "GrassWatering", "GrassWatering\GrassWatering.csproj", "{F9C80382-28E3-41B3-8743-570B97740A1E}"
EndProject
Project("{9A19103F-16F7-4668-BE54-9A1E7A4F7556}") = "AirConditioned", "AirConditioned\AirConditioned.csproj", "{BFA90800-216B-45BE-B266-F784ED08775F}"
EndProject
Project("{9A19103F-16F7-4668-BE54-9A1E7A4F7556}") = "LightsControl", "LightsControl\LightsControl.csproj", "{2BD9C752-91C2-40B8-8029-502C779A31C2}"
EndProject
Project("{9A19103F-16F7-4668-BE54-9A1E7A4F7556}") = "Hygrometer", "Hygrometer\Hygrometer.csproj", "{FC03B1AA-00EF-4578-9246-0957AB54022B}"
EndProject
Global
	GlobalSection(SolutionConfigurationPlatforms) = preSolution
		Debug|Any CPU = Debug|Any CPU
		Release|Any CPU = Release|Any CPU
	EndGlobalSection
	GlobalSection(ProjectConfigurationPlatforms) = postSolution
		{93861B57-0093-4DDD-8841-2EC577A95D86}.Debug|Any CPU.ActiveCfg = Debug|Any CPU
		{93861B57-0093-4DDD-8841-2EC577A95D86}.Debug|Any CPU.Build.0 = Debug|Any CPU
		{93861B57-0093-4DDD-8841-2EC577A95D86}.Release|Any CPU.ActiveCfg = Release|Any CPU
		{93861B57-0093-4DDD-8841-2EC577A95D86}.Release|Any CPU.Build.0 = Release|Any CPU
		{83A419E2-C44E-4CD6-9E92-034C5F90A70F}.Debug|Any CPU.ActiveCfg = Debug|Any CPU
		{83A419E2-C44E-4CD6-9E92-034C5F90A70F}.Debug|Any CPU.Build.0 = Debug|Any CPU
		{83A419E2-C44E-4CD6-9E92-034C5F90A70F}.Release|Any CPU.ActiveCfg = Release|Any CPU
		{83A419E2-C44E-4CD6-9E92-034C5F90A70F}.Release|Any CPU.Build.0 = Release|Any CPU
		{D19ABEE2-CA21-4797-BA08-104032F4CE7B}.Debug|Any CPU.ActiveCfg = Debug|Any CPU
		{D19ABEE2-CA21-4797-BA08-104032F4CE7B}.Debug|Any CPU.Build.0 = Debug|Any CPU
		{D19ABEE2-CA21-4797-BA08-104032F4CE7B}.Release|Any CPU.ActiveCfg = Release|Any CPU
		{D19ABEE2-CA21-4797-BA08-104032F4CE7B}.Release|Any CPU.Build.0 = Release|Any CPU
		{69C96589-31F3-4A6A-95B8-6A26C0E6CB8F}.Debug|Any CPU.ActiveCfg = Debug|Any CPU
		{69C96589-31F3-4A6A-95B8-6A26C0E6CB8F}.Debug|Any CPU.Build.0 = Debug|Any CPU
		{69C96589-31F3-4A6A-95B8-6A26C0E6CB8F}.Release|Any CPU.ActiveCfg = Release|Any CPU
		{69C96589-31F3-4A6A-95B8-6A26C0E6CB8F}.Release|Any CPU.Build.0 = Release|Any CPU
		{F9C80382-28E3-41B3-8743-570B97740A1E}.Debug|Any CPU.ActiveCfg = Debug|Any CPU
		{F9C80382-28E3-41B3-8743-570B97740A1E}.Debug|Any CPU.Build.0 = Debug|Any CPU
		{F9C80382-28E3-41B3-8743-570B97740A1E}.Release|Any CPU.ActiveCfg = Release|Any CPU
		{F9C80382-28E3-41B3-8743-570B97740A1E}.Release|Any CPU.Build.0 = Release|Any CPU
		{BFA90800-216B-45BE-B266-F784ED08775F}.Debug|Any CPU.ActiveCfg = Debug|Any CPU
		{BFA90800-216B-45BE-B266-F784ED08775F}.Debug|Any CPU.Build.0 = Debug|Any CPU
		{BFA90800-216B-45BE-B266-F784ED08775F}.Release|Any CPU.ActiveCfg = Release|Any CPU
		{BFA90800-216B-45BE-B266-F784ED08775F}.Release|Any CPU.Build.0 = Release|Any CPU
		{2BD9C752-91C2-40B8-8029-502C779A31C2}.Debug|Any CPU.ActiveCfg = Debug|Any CPU
		{2BD9C752-91C2-40B8-8029-502C779A31C2}.Debug|Any CPU.Build.0 = Debug|Any CPU
		{2BD9C752-91C2-40B8-8029-502C779A31C2}.Release|Any CPU.ActiveCfg = Release|Any CPU
		{2BD9C752-91C2-40B8-8029-502C779A31C2}.Release|Any CPU.Build.0 = Release|Any CPU
		{FC03B1AA-00EF-4578-9246-0957AB54022B}.Debug|Any CPU.ActiveCfg = Debug|Any CPU
		{FC03B1AA-00EF-4578-9246-0957AB54022B}.Debug|Any CPU.Build.0 = Debug|Any CPU
		{FC03B1AA-00EF-4578-9246-0957AB54022B}.Release|Any CPU.ActiveCfg = Release|Any CPU
		{FC03B1AA-00EF-4578-9246-0957AB54022B}.Release|Any CPU.Build.0 = Release|Any CPU
	EndGlobalSection
	GlobalSection(SolutionProperties) = preSolution
		HideSolutionNode = FALSE
	EndGlobalSection
	GlobalSection(ExtensibilityGlobals) = postSolution
		SolutionGuid = {9B7FCA26-29E6-4B94-9253-CF82F5D2B5BC}
	EndGlobalSection
EndGlobal
